{
  "name": "weekly",
  "version": "1.0.0",
  "lockfileVersion": 2,
  "requires": true,
  "packages": {
    "": {
      "name": "weekly",
      "version": "1.0.0",
      "license": "ISC",
      "devDependencies": {
        "@types/node": "^20.9.1",
        "esno": "^4.0.0",
        "feed": "^4.2.2",
        "gray-matter": "^4.0.3",
        "markdown-it": "^13.0.2",
        "prettier": "^3.1.0",
        "rss": "^1.2.2",
        "xml-formatter": "^2.6.1"
      }
    },
    "node_modules/@esbuild/darwin-x64": {
      "version": "0.18.20",
      "resolved": "http://r.npm.sankuai.com/@esbuild/darwin-x64/download/@esbuild/darwin-x64-0.18.20.tgz",
      "integrity": "sha1-1w1XkNi/R1VWtn0Pi3xb3/BT2F0=",
      "cpu": [
        "x64"
      ],
      "dev": true,
      "license": "MIT",
      "optional": true,
      "os": [
        "darwin"
      ],
      "engines": {
        "node": ">=12"
      }
    },
    "node_modules/@types/node": {
      "version": "20.9.1",
      "resolved": "http://r.npm.sankuai.com/@types/node/download/@types/node-20.9.1.tgz",
      "integrity": "sha1-nVeMYQzh6YSt2gh/aFrOlAlU/hk=",
      "dev": true,
      "license": "MIT",
      "dependencies": {
        "undici-types": "~5.26.4"
      }
    },
    "node_modules/argparse": {
      "version": "2.0.1",
      "resolved": "http://r.npm.sankuai.com/argparse/download/argparse-2.0.1.tgz",
      "integrity": "sha1-JG9Q88p4oyQPbJl+ipvR6sSeSzg=",
      "dev": true,
      "license": "Python-2.0"
    },
    "node_modules/buffer-from": {
      "version": "1.1.2",
      "resolved": "http://r.npm.sankuai.com/buffer-from/download/buffer-from-1.1.2.tgz",
      "integrity": "sha1-KxRqb9cugLT1XSVfNe1Zo6mkG9U=",
      "dev": true,
      "license": "MIT"
    },
    "node_modules/entities": {
      "version": "3.0.1",
      "resolved": "http://r.npm.sankuai.com/entities/download/entities-3.0.1.tgz",
      "integrity": "sha1-K4h8piWF6W2zkDSC0zbBAGwwAdQ=",
      "dev": true,
      "license": "BSD-2-Clause",
      "engines": {
        "node": ">=0.12"
      },
      "funding": {
        "url": "https://github.com/fb55/entities?sponsor=1"
      }
    },
    "node_modules/esbuild": {
      "version": "0.18.20",
      "resolved": "http://r.npm.sankuai.com/esbuild/download/esbuild-0.18.20.tgz",
      "integrity": "sha1-Rwn1o0gBtDt5mrfW2C9yhKm3p6Y=",
      "dev": true,
      "hasInstallScript": true,
      "license": "MIT",
      "bin": {
        "esbuild": "bin/esbuild"
      },
      "engines": {
        "node": ">=12"
      },
      "optionalDependencies": {
        "@esbuild/android-arm": "0.18.20",
        "@esbuild/android-arm64": "0.18.20",
        "@esbuild/android-x64": "0.18.20",
        "@esbuild/darwin-arm64": "0.18.20",
        "@esbuild/darwin-x64": "0.18.20",
        "@esbuild/freebsd-arm64": "0.18.20",
        "@esbuild/freebsd-x64": "0.18.20",
        "@esbuild/linux-arm": "0.18.20",
        "@esbuild/linux-arm64": "0.18.20",
        "@esbuild/linux-ia32": "0.18.20",
        "@esbuild/linux-loong64": "0.18.20",
        "@esbuild/linux-mips64el": "0.18.20",
        "@esbuild/linux-ppc64": "0.18.20",
        "@esbuild/linux-riscv64": "0.18.20",
        "@esbuild/linux-s390x": "0.18.20",
        "@esbuild/linux-x64": "0.18.20",
        "@esbuild/netbsd-x64": "0.18.20",
        "@esbuild/openbsd-x64": "0.18.20",
        "@esbuild/sunos-x64": "0.18.20",
        "@esbuild/win32-arm64": "0.18.20",
        "@esbuild/win32-ia32": "0.18.20",
        "@esbuild/win32-x64": "0.18.20"
      }
    },
    "node_modules/esno": {
      "version": "4.0.0",
      "resolved": "http://r.npm.sankuai.com/esno/download/esno-4.0.0.tgz",
      "integrity": "sha1-gPhO4gSOc5j2XRBX/2pgyfj817k=",
      "dev": true,
      "license": "MIT",
      "dependencies": {
        "tsx": "^4.1.0"
      },
      "bin": {
        "esno": "esno.js"
      }
    },
    "node_modules/esprima": {
      "version": "4.0.1",
      "resolved": "http://r.npm.sankuai.com/esprima/download/esprima-4.0.1.tgz",
      "integrity": "sha1-E7BM2z5sXRnfkatph6hpVhmwqnE=",
      "dev": true,
      "license": "BSD-2-Clause",
      "bin": {
        "esparse": "bin/esparse.js",
        "esvalidate": "bin/esvalidate.js"
      },
      "engines": {
        "node": ">=4"
      }
    },
    "node_modules/extend-shallow": {
      "version": "2.0.1",
      "resolved": "http://r.npm.sankuai.com/extend-shallow/download/extend-shallow-2.0.1.tgz",
      "integrity": "sha1-Ua99YUrZqfYQ6huvu5idaxxWiQ8=",
      "dev": true,
      "license": "MIT",
      "dependencies": {
        "is-extendable": "^0.1.0"
      },
      "engines": {
        "node": ">=0.10.0"
      }
    },
    "node_modules/feed": {
      "version": "4.2.2",
      "resolved": "http://r.npm.sankuai.com/feed/download/feed-4.2.2.tgz",
      "integrity": "sha1-hleD727RJXnixEu+88kRO8SVan4=",
      "dev": true,
      "license": "MIT",
      "dependencies": {
        "xml-js": "^1.6.11"
      },
      "engines": {
        "node": ">=0.4.0"
      }
    },
    "node_modules/fsevents": {
      "version": "2.3.3",
      "resolved": "http://r.npm.sankuai.com/fsevents/download/fsevents-2.3.3.tgz",
      "integrity": "sha1-ysZAd4XQNnWipeGlMFxpezR9kNY=",
      "dev": true,
      "hasInstallScript": true,
      "license": "MIT",
      "optional": true,
      "os": [
        "darwin"
      ],
      "engines": {
        "node": "^8.16.0 || ^10.6.0 || >=11.0.0"
      }
    },
    "node_modules/get-tsconfig": {
      "version": "4.7.2",
      "resolved": "http://r.npm.sankuai.com/get-tsconfig/download/get-tsconfig-4.7.2.tgz",
      "integrity": "sha1-Dc1vszA5HUYzL0xsG/iaZRTC3c4=",
      "dev": true,
      "license": "MIT",
      "dependencies": {
        "resolve-pkg-maps": "^1.0.0"
      },
      "funding": {
        "url": "https://github.com/privatenumber/get-tsconfig?sponsor=1"
      }
    },
    "node_modules/gray-matter": {
      "version": "4.0.3",
      "resolved": "http://r.npm.sankuai.com/gray-matter/download/gray-matter-4.0.3.tgz",
      "integrity": "sha1-6JPAZIJd5z6h9ffYjHqfcnQoh5g=",
      "dev": true,
      "license": "MIT",
      "dependencies": {
        "js-yaml": "^3.13.1",
        "kind-of": "^6.0.2",
        "section-matter": "^1.0.0",
        "strip-bom-string": "^1.0.0"
      },
      "engines": {
        "node": ">=6.0"
      }
    },
    "node_modules/is-extendable": {
      "version": "0.1.1",
      "resolved": "http://r.npm.sankuai.com/is-extendable/download/is-extendable-0.1.1.tgz",
      "integrity": "sha1-YrEQ4omkcUGOPsNqYX1HLjAd/Ik=",
      "dev": true,
      "license": "MIT",
      "engines": {
        "node": ">=0.10.0"
      }
    },
    "node_modules/js-yaml": {
      "version": "3.14.1",
      "resolved": "http://r.npm.sankuai.com/js-yaml/download/js-yaml-3.14.1.tgz",
      "integrity": "sha1-2ugS/bOCX6MGYJqHFzg8UMNqBTc=",
      "dev": true,
      "license": "MIT",
      "dependencies": {
        "argparse": "^1.0.7",
        "esprima": "^4.0.0"
      },
      "bin": {
        "js-yaml": "bin/js-yaml.js"
      }
    },
    "node_modules/js-yaml/node_modules/argparse": {
      "version": "1.0.10",
      "resolved": "http://r.npm.sankuai.com/argparse/download/argparse-1.0.10.tgz",
      "integrity": "sha1-vNZ5HqWuCXJeF+WtmIE0zUCz2RE=",
      "dev": true,
      "license": "MIT",
      "dependencies": {
        "sprintf-js": "~1.0.2"
      }
    },
    "node_modules/kind-of": {
      "version": "6.0.3",
      "resolved": "http://r.npm.sankuai.com/kind-of/download/kind-of-6.0.3.tgz",
      "integrity": "sha1-B8BQNKbDSfoG4k+jWqdttFgM5N0=",
      "dev": true,
      "license": "MIT",
      "engines": {
        "node": ">=0.10.0"
      }
    },
    "node_modules/linkify-it": {
      "version": "4.0.1",
      "resolved": "http://r.npm.sankuai.com/linkify-it/download/linkify-it-4.0.1.tgz",
      "integrity": "sha1-AfHV5QgZDQZmmYK6MafZ9WpXUew=",
      "dev": true,
      "license": "MIT",
      "dependencies": {
        "uc.micro": "^1.0.1"
      }
    },
    "node_modules/markdown-it": {
      "version": "13.0.2",
      "resolved": "http://r.npm.sankuai.com/markdown-it/download/markdown-it-13.0.2.tgz",
      "integrity": "sha1-G8IuIzeaaVLl1WIX++2IHgyU1TY=",
      "dev": true,
      "license": "MIT",
      "dependencies": {
        "argparse": "^2.0.1",
        "entities": "~3.0.1",
        "linkify-it": "^4.0.1",
        "mdurl": "^1.0.1",
        "uc.micro": "^1.0.5"
      },
      "bin": {
        "markdown-it": "bin/markdown-it.js"
      }
    },
    "node_modules/mdurl": {
      "version": "1.0.1",
      "resolved": "http://r.npm.sankuai.com/mdurl/download/mdurl-1.0.1.tgz",
      "integrity": "sha1-/oWy7HWlkDfyrf7BAP1sYBdhFS4=",
      "dev": true,
      "license": "MIT"
    },
    "node_modules/mime-db": {
      "version": "1.25.0",
      "resolved": "http://r.npm.sankuai.com/mime-db/download/mime-db-1.25.0.tgz",
      "integrity": "sha1-wY29fHOl2/b0SgJNwNFloeexw5I=",
      "dev": true,
      "license": "MIT",
      "engines": {
        "node": ">= 0.6"
      }
    },
    "node_modules/mime-types": {
      "version": "2.1.13",
      "resolved": "http://r.npm.sankuai.com/mime-types/download/mime-types-2.1.13.tgz",
      "integrity": "sha1-4HqqnGxrmnyjASxpADrSWjnpKog=",
      "dev": true,
      "license": "MIT",
      "dependencies": {
        "mime-db": "~1.25.0"
      },
      "engines": {
        "node": ">= 0.6"
      }
    },
    "node_modules/prettier": {
      "version": "3.1.0",
      "resolved": "http://r.npm.sankuai.com/prettier/download/prettier-3.1.0.tgz",
      "integrity": "sha1-xtFkdKX3ZOoaSjc8WTt3lpd0TV4=",
      "dev": true,
      "license": "MIT",
      "bin": {
        "prettier": "bin/prettier.cjs"
      },
      "engines": {
        "node": ">=14"
      },
      "funding": {
        "url": "https://github.com/prettier/prettier?sponsor=1"
      }
    },
    "node_modules/resolve-pkg-maps": {
      "version": "1.0.0",
      "resolved": "http://r.npm.sankuai.com/resolve-pkg-maps/download/resolve-pkg-maps-1.0.0.tgz",
      "integrity": "sha1-YWs9wsVwVrVYjDHN9LPWTbEzcg8=",
      "dev": true,
      "license": "MIT",
      "funding": {
        "url": "https://github.com/privatenumber/resolve-pkg-maps?sponsor=1"
      }
    },
    "node_modules/rss": {
      "version": "1.2.2",
      "resolved": "http://r.npm.sankuai.com/rss/download/rss-1.2.2.tgz",
      "integrity": "sha1-UKFpiHYTgTOnT5oF0r3I240nqSE=",
      "dev": true,
      "license": "MIT",
      "dependencies": {
        "mime-types": "2.1.13",
        "xml": "1.0.1"
      }
    },
    "node_modules/sax": {
      "version": "1.3.0",
      "resolved": "http://r.npm.sankuai.com/sax/download/sax-1.3.0.tgz",
      "integrity": "sha1-pdvnfbO+BcnR7neF29PqneUVk9A=",
      "dev": true,
      "license": "ISC"
    },
    "node_modules/section-matter": {
      "version": "1.0.0",
      "resolved": "http://r.npm.sankuai.com/section-matter/download/section-matter-1.0.0.tgz",
      "integrity": "sha1-6QQZU1BngOwB1Z8pKhnHuFC4QWc=",
      "dev": true,
      "license": "MIT",
      "dependencies": {
        "extend-shallow": "^2.0.1",
        "kind-of": "^6.0.0"
      },
      "engines": {
        "node": ">=4"
      }
    },
    "node_modules/source-map": {
      "version": "0.6.1",
      "resolved": "http://r.npm.sankuai.com/source-map/download/source-map-0.6.1.tgz",
      "integrity": "sha1-dHIq8y6WFOnCh6jQu95IteLxomM=",
      "dev": true,
      "license": "BSD-3-Clause",
      "engines": {
        "node": ">=0.10.0"
      }
    },
    "node_modules/source-map-support": {
      "version": "0.5.21",
      "resolved": "http://r.npm.sankuai.com/source-map-support/download/source-map-support-0.5.21.tgz",
      "integrity": "sha1-BP58f54e0tZiIzwoyys1ufY/bk8=",
      "dev": true,
      "license": "MIT",
      "dependencies": {
        "buffer-from": "^1.0.0",
        "source-map": "^0.6.0"
      }
    },
    "node_modules/sprintf-js": {
      "version": "1.0.3",
      "resolved": "http://r.npm.sankuai.com/sprintf-js/download/sprintf-js-1.0.3.tgz",
      "integrity": "sha1-BOaSb2YolTVPPdAVIDYzuFcpfiw=",
      "dev": true,
      "license": "BSD-3-Clause"
    },
    "node_modules/strip-bom-string": {
      "version": "1.0.0",
      "resolved": "http://r.npm.sankuai.com/strip-bom-string/download/strip-bom-string-1.0.0.tgz",
      "integrity": "sha1-5SEekiQ2n7uB1jOi8ABE3IztrZI=",
      "dev": true,
      "license": "MIT",
      "engines": {
        "node": ">=0.10.0"
      }
    },
    "node_modules/tsx": {
      "version": "4.1.2",
      "resolved": "http://r.npm.sankuai.com/tsx/download/tsx-4.1.2.tgz",
      "integrity": "sha1-Mv/IDvpvd3SJKCk/qPd/zyuQ/qs=",
      "dev": true,
      "license": "MIT",
      "dependencies": {
        "esbuild": "~0.18.20",
        "get-tsconfig": "^4.7.2",
        "source-map-support": "^0.5.21"
      },
      "bin": {
        "tsx": "dist/cli.mjs"
      },
      "engines": {
        "node": ">=18.0.0"
      },
      "optionalDependencies": {
        "fsevents": "~2.3.3"
      }
    },
    "node_modules/uc.micro": {
      "version": "1.0.6",
      "resolved": "http://r.npm.sankuai.com/uc.micro/download/uc.micro-1.0.6.tgz",
      "integrity": "sha1-nEEagCpAmpH8bPdAgbq6NLJEmaw=",
      "dev": true,
      "license": "MIT"
    },
    "node_modules/undici-types": {
      "version": "5.26.5",
      "resolved": "http://r.npm.sankuai.com/undici-types/download/undici-types-5.26.5.tgz",
      "integrity": "sha1-vNU5iT0AtW6WT9JlekhmsiGmVhc=",
      "dev": true,
      "license": "MIT"
    },
    "node_modules/xml": {
      "version": "1.0.1",
      "resolved": "http://r.npm.sankuai.com/xml/download/xml-1.0.1.tgz",
      "integrity": "sha1-eLpyAgApxbyHuKgaPPzXS0ovweU=",
      "dev": true,
      "license": "MIT"
    },
    "node_modules/xml-formatter": {
      "version": "2.6.1",
      "resolved": "http://r.npm.sankuai.com/xml-formatter/download/xml-formatter-2.6.1.tgz",
      "integrity": "sha1-Bm7zoQC9WO47lD8MUDvmMXbT1Jc=",
      "dev": true,
      "license": "MIT",
      "dependencies": {
        "xml-parser-xo": "^3.2.0"
      },
      "engines": {
        "node": ">= 10"
      }
    },
    "node_modules/xml-js": {
      "version": "1.6.11",
      "resolved": "http://r.npm.sankuai.com/xml-js/download/xml-js-1.6.11.tgz",
      "integrity": "sha1-kn0vaUf38cGaMW3Y7qNhTosY+Ok=",
      "dev": true,
      "license": "MIT",
      "dependencies": {
        "sax": "^1.2.4"
      },
      "bin": {
        "xml-js": "bin/cli.js"
      }
    },
    "node_modules/xml-parser-xo": {
      "version": "3.2.0",
      "resolved": "http://r.npm.sankuai.com/xml-parser-xo/download/xml-parser-xo-3.2.0.tgz",
      "integrity": "sha1-xjOrVc8ZdtawOrSmqFBFCTrDK3M=",
      "dev": true,
      "license": "MIT",
      "engines": {
        "node": ">= 10"
      }
    }
  },
  "dependencies": {
    "@esbuild/darwin-x64": {
      "version": "0.18.20",
      "resolved": "http://r.npm.sankuai.com/@esbuild/darwin-x64/download/@esbuild/darwin-x64-0.18.20.tgz",
      "integrity": "sha1-1w1XkNi/R1VWtn0Pi3xb3/BT2F0=",
      "dev": true,
      "optional": true
    },
    "@types/node": {
      "version": "20.9.1",
      "resolved": "http://r.npm.sankuai.com/@types/node/download/@types/node-20.9.1.tgz",
      "integrity": "sha1-nVeMYQzh6YSt2gh/aFrOlAlU/hk=",
      "dev": true,
      "requires": {
        "undici-types": "~5.26.4"
      }
    },
    "argparse": {
      "version": "2.0.1",
      "resolved": "http://r.npm.sankuai.com/argparse/download/argparse-2.0.1.tgz",
      "integrity": "sha1-JG9Q88p4oyQPbJl+ipvR6sSeSzg=",
      "dev": true
    },
    "buffer-from": {
      "version": "1.1.2",
      "resolved": "http://r.npm.sankuai.com/buffer-from/download/buffer-from-1.1.2.tgz",
      "integrity": "sha1-KxRqb9cugLT1XSVfNe1Zo6mkG9U=",
      "dev": true
    },
    "entities": {
      "version": "3.0.1",
      "resolved": "http://r.npm.sankuai.com/entities/download/entities-3.0.1.tgz",
      "integrity": "sha1-K4h8piWF6W2zkDSC0zbBAGwwAdQ=",
      "dev": true
    },
    "esbuild": {
      "version": "0.18.20",
      "resolved": "http://r.npm.sankuai.com/esbuild/download/esbuild-0.18.20.tgz",
      "integrity": "sha1-Rwn1o0gBtDt5mrfW2C9yhKm3p6Y=",
      "dev": true,
      "requires": {
        "@esbuild/android-arm": "0.18.20",
        "@esbuild/android-arm64": "0.18.20",
        "@esbuild/android-x64": "0.18.20",
        "@esbuild/darwin-arm64": "0.18.20",
        "@esbuild/darwin-x64": "0.18.20",
        "@esbuild/freebsd-arm64": "0.18.20",
        "@esbuild/freebsd-x64": "0.18.20",
        "@esbuild/linux-arm": "0.18.20",
        "@esbuild/linux-arm64": "0.18.20",
        "@esbuild/linux-ia32": "0.18.20",
        "@esbuild/linux-loong64": "0.18.20",
        "@esbuild/linux-mips64el": "0.18.20",
        "@esbuild/linux-ppc64": "0.18.20",
        "@esbuild/linux-riscv64": "0.18.20",
        "@esbuild/linux-s390x": "0.18.20",
        "@esbuild/linux-x64": "0.18.20",
        "@esbuild/netbsd-x64": "0.18.20",
        "@esbuild/openbsd-x64": "0.18.20",
        "@esbuild/sunos-x64": "0.18.20",
        "@esbuild/win32-arm64": "0.18.20",
        "@esbuild/win32-ia32": "0.18.20",
        "@esbuild/win32-x64": "0.18.20"
      }
    },
    "esno": {
      "version": "4.0.0",
      "resolved": "http://r.npm.sankuai.com/esno/download/esno-4.0.0.tgz",
      "integrity": "sha1-gPhO4gSOc5j2XRBX/2pgyfj817k=",
      "dev": true,
      "requires": {
        "tsx": "^4.1.0"
      }
    },
    "esprima": {
      "version": "4.0.1",
      "resolved": "http://r.npm.sankuai.com/esprima/download/esprima-4.0.1.tgz",
      "integrity": "sha1-E7BM2z5sXRnfkatph6hpVhmwqnE=",
      "dev": true
    },
    "extend-shallow": {
      "version": "2.0.1",
      "resolved": "http://r.npm.sankuai.com/extend-shallow/download/extend-shallow-2.0.1.tgz",
      "integrity": "sha1-Ua99YUrZqfYQ6huvu5idaxxWiQ8=",
      "dev": true,
      "requires": {
        "is-extendable": "^0.1.0"
      }
    },
    "feed": {
      "version": "4.2.2",
      "resolved": "http://r.npm.sankuai.com/feed/download/feed-4.2.2.tgz",
      "integrity": "sha1-hleD727RJXnixEu+88kRO8SVan4=",
      "dev": true,
      "requires": {
        "xml-js": "^1.6.11"
      }
    },
    "fsevents": {
      "version": "2.3.3",
      "resolved": "http://r.npm.sankuai.com/fsevents/download/fsevents-2.3.3.tgz",
      "integrity": "sha1-ysZAd4XQNnWipeGlMFxpezR9kNY=",
      "dev": true,
      "optional": true
    },
    "get-tsconfig": {
      "version": "4.7.2",
      "resolved": "http://r.npm.sankuai.com/get-tsconfig/download/get-tsconfig-4.7.2.tgz",
      "integrity": "sha1-Dc1vszA5HUYzL0xsG/iaZRTC3c4=",
      "dev": true,
      "requires": {
        "resolve-pkg-maps": "^1.0.0"
      }
    },
    "gray-matter": {
      "version": "4.0.3",
      "resolved": "http://r.npm.sankuai.com/gray-matter/download/gray-matter-4.0.3.tgz",
      "integrity": "sha1-6JPAZIJd5z6h9ffYjHqfcnQoh5g=",
      "dev": true,
      "requires": {
        "js-yaml": "^3.13.1",
        "kind-of": "^6.0.2",
        "section-matter": "^1.0.0",
        "strip-bom-string": "^1.0.0"
      }
    },
    "is-extendable": {
      "version": "0.1.1",
      "resolved": "http://r.npm.sankuai.com/is-extendable/download/is-extendable-0.1.1.tgz",
      "integrity": "sha1-YrEQ4omkcUGOPsNqYX1HLjAd/Ik=",
      "dev": true
    },
    "js-yaml": {
      "version": "3.14.1",
      "resolved": "http://r.npm.sankuai.com/js-yaml/download/js-yaml-3.14.1.tgz",
      "integrity": "sha1-2ugS/bOCX6MGYJqHFzg8UMNqBTc=",
      "dev": true,
      "requires": {
        "argparse": "^1.0.7",
        "esprima": "^4.0.0"
      },
      "dependencies": {
        "argparse": {
          "version": "1.0.10",
          "resolved": "http://r.npm.sankuai.com/argparse/download/argparse-1.0.10.tgz",
          "integrity": "sha1-vNZ5HqWuCXJeF+WtmIE0zUCz2RE=",
          "dev": true,
          "requires": {
            "sprintf-js": "~1.0.2"
          }
        }
      }
    },
    "kind-of": {
      "version": "6.0.3",
      "resolved": "http://r.npm.sankuai.com/kind-of/download/kind-of-6.0.3.tgz",
      "integrity": "sha1-B8BQNKbDSfoG4k+jWqdttFgM5N0=",
      "dev": true
    },
    "linkify-it": {
      "version": "4.0.1",
      "resolved": "http://r.npm.sankuai.com/linkify-it/download/linkify-it-4.0.1.tgz",
      "integrity": "sha1-AfHV5QgZDQZmmYK6MafZ9WpXUew=",
      "dev": true,
      "requires": {
        "uc.micro": "^1.0.1"
      }
    },
    "markdown-it": {
      "version": "13.0.2",
      "resolved": "http://r.npm.sankuai.com/markdown-it/download/markdown-it-13.0.2.tgz",
      "integrity": "sha1-G8IuIzeaaVLl1WIX++2IHgyU1TY=",
      "dev": true,
      "requires": {
        "argparse": "^2.0.1",
        "entities": "~3.0.1",
        "linkify-it": "^4.0.1",
        "mdurl": "^1.0.1",
        "uc.micro": "^1.0.5"
      }
    },
    "mdurl": {
      "version": "1.0.1",
      "resolved": "http://r.npm.sankuai.com/mdurl/download/mdurl-1.0.1.tgz",
      "integrity": "sha1-/oWy7HWlkDfyrf7BAP1sYBdhFS4=",
      "dev": true
    },
    "mime-db": {
      "version": "1.25.0",
      "resolved": "http://r.npm.sankuai.com/mime-db/download/mime-db-1.25.0.tgz",
      "integrity": "sha1-wY29fHOl2/b0SgJNwNFloeexw5I=",
      "dev": true
    },
    "mime-types": {
      "version": "2.1.13",
      "resolved": "http://r.npm.sankuai.com/mime-types/download/mime-types-2.1.13.tgz",
      "integrity": "sha1-4HqqnGxrmnyjASxpADrSWjnpKog=",
      "dev": true,
      "requires": {
        "mime-db": "~1.25.0"
      }
    },
    "prettier": {
      "version": "3.1.0",
      "resolved": "http://r.npm.sankuai.com/prettier/download/prettier-3.1.0.tgz",
      "integrity": "sha1-xtFkdKX3ZOoaSjc8WTt3lpd0TV4=",
      "dev": true
    },
    "resolve-pkg-maps": {
      "version": "1.0.0",
      "resolved": "http://r.npm.sankuai.com/resolve-pkg-maps/download/resolve-pkg-maps-1.0.0.tgz",
      "integrity": "sha1-YWs9wsVwVrVYjDHN9LPWTbEzcg8=",
      "dev": true
    },
    "rss": {
      "version": "1.2.2",
      "resolved": "http://r.npm.sankuai.com/rss/download/rss-1.2.2.tgz",
      "integrity": "sha1-UKFpiHYTgTOnT5oF0r3I240nqSE=",
      "dev": true,
      "requires": {
        "mime-types": "2.1.13",
        "xml": "1.0.1"
      }
    },
    "sax": {
      "version": "1.3.0",
      "resolved": "http://r.npm.sankuai.com/sax/download/sax-1.3.0.tgz",
      "integrity": "sha1-pdvnfbO+BcnR7neF29PqneUVk9A=",
      "dev": true
    },
    "section-matter": {
      "version": "1.0.0",
      "resolved": "http://r.npm.sankuai.com/section-matter/download/section-matter-1.0.0.tgz",
      "integrity": "sha1-6QQZU1BngOwB1Z8pKhnHuFC4QWc=",
      "dev": true,
      "requires": {
        "extend-shallow": "^2.0.1",
        "kind-of": "^6.0.0"
      }
    },
    "source-map": {
      "version": "0.6.1",
      "resolved": "http://r.npm.sankuai.com/source-map/download/source-map-0.6.1.tgz",
      "integrity": "sha1-dHIq8y6WFOnCh6jQu95IteLxomM=",
      "dev": true
    },
    "source-map-support": {
      "version": "0.5.21",
      "resolved": "http://r.npm.sankuai.com/source-map-support/download/source-map-support-0.5.21.tgz",
      "integrity": "sha1-BP58f54e0tZiIzwoyys1ufY/bk8=",
      "dev": true,
      "requires": {
        "buffer-from": "^1.0.0",
        "source-map": "^0.6.0"
      }
    },
    "sprintf-js": {
      "version": "1.0.3",
      "resolved": "http://r.npm.sankuai.com/sprintf-js/download/sprintf-js-1.0.3.tgz",
      "integrity": "sha1-BOaSb2YolTVPPdAVIDYzuFcpfiw=",
      "dev": true
    },
    "strip-bom-string": {
      "version": "1.0.0",
      "resolved": "http://r.npm.sankuai.com/strip-bom-string/download/strip-bom-string-1.0.0.tgz",
      "integrity": "sha1-5SEekiQ2n7uB1jOi8ABE3IztrZI=",
      "dev": true
    },
    "tsx": {
      "version": "4.1.2",
      "resolved": "http://r.npm.sankuai.com/tsx/download/tsx-4.1.2.tgz",
      "integrity": "sha1-Mv/IDvpvd3SJKCk/qPd/zyuQ/qs=",
      "dev": true,
      "requires": {
        "esbuild": "~0.18.20",
        "fsevents": "~2.3.3",
        "get-tsconfig": "^4.7.2",
        "source-map-support": "^0.5.21"
      }
    },
    "uc.micro": {
      "version": "1.0.6",
      "resolved": "http://r.npm.sankuai.com/uc.micro/download/uc.micro-1.0.6.tgz",
      "integrity": "sha1-nEEagCpAmpH8bPdAgbq6NLJEmaw=",
      "dev": true
    },
    "undici-types": {
      "version": "5.26.5",
      "resolved": "http://r.npm.sankuai.com/undici-types/download/undici-types-5.26.5.tgz",
      "integrity": "sha1-vNU5iT0AtW6WT9JlekhmsiGmVhc=",
      "dev": true
    },
    "xml": {
      "version": "1.0.1",
      "resolved": "http://r.npm.sankuai.com/xml/download/xml-1.0.1.tgz",
      "integrity": "sha1-eLpyAgApxbyHuKgaPPzXS0ovweU=",
      "dev": true
    },
    "xml-formatter": {
      "version": "2.6.1",
      "resolved": "http://r.npm.sankuai.com/xml-formatter/download/xml-formatter-2.6.1.tgz",
      "integrity": "sha1-Bm7zoQC9WO47lD8MUDvmMXbT1Jc=",
      "dev": true,
      "requires": {
        "xml-parser-xo": "^3.2.0"
      }
    },
    "xml-js": {
      "version": "1.6.11",
      "resolved": "http://r.npm.sankuai.com/xml-js/download/xml-js-1.6.11.tgz",
      "integrity": "sha1-kn0vaUf38cGaMW3Y7qNhTosY+Ok=",
      "dev": true,
      "requires": {
        "sax": "^1.2.4"
      }
    },
    "xml-parser-xo": {
      "version": "3.2.0",
      "resolved": "http://r.npm.sankuai.com/xml-parser-xo/download/xml-parser-xo-3.2.0.tgz",
      "integrity": "sha1-xjOrVc8ZdtawOrSmqFBFCTrDK3M=",
      "dev": true
    }
  }
}
